{
  "name": "comesa-tests",
  "version": "0.0.1",
  "lockfileVersion": 3,
  "requires": true,
  "packages": {
    "": {
      "name": "comesa-tests",
      "version": "0.0.1",
      "dependencies": {
        "allure-commandline": "^2.33.0",
        "commander": "^13.1.0",
        "uuid": "^11.1.0"
      }
    },
    "node_modules/allure-commandline": {
      "version": "2.33.0",
      "resolved": "https://registry.npmjs.org/allure-commandline/-/allure-commandline-2.33.0.tgz",
      "integrity": "sha512-oGMW1Zaqd9SqYJHUqeET1AP363guQkswnCKD+6jSX9YCK8BbttSqZJy9PeSmJtU16uW3qGB6cvgrvJwKUWG5Ew==",
      "bin": {
        "allure": "bin/allure"
      }
    },
    "node_modules/commander": {
      "version": "13.1.0",
      "resolved": "https://registry.npmjs.org/commander/-/commander-13.1.0.tgz",
      "integrity": "sha512-/rFeCpNJQbhSZjGVwO9RFV3xPqbnERS8MmIQzCtD/zl6gpJuV/bMLuN92oG3F7d8oDEHHRrujSXNUr8fpjntKw==",
      "engines": {
        "node": ">=18"
      }
    },
    "node_modules/uuid": {
      "version": "11.1.0",
      "resolved": "https://registry.npmjs.org/uuid/-/uuid-11.1.0.tgz",
      "integrity": "sha512-0/A9rDy9P7cJ+8w1c9WD9V//9Wj15Ce2MPz8Ri6032usz+NfePxx5AcN3bN+r6ZL6jEo066/yNYB3tn4pQEx+A==",
      "funding": [
        "https://github.com/sponsors/broofa",
        "https://github.com/sponsors/ctavan"
      ],
      "bin": {
        "uuid": "dist/esm/bin/uuid"
      }
    }
  }
}
